{"SurveyEntry":{"SurveyID":"SV_dn8AD13g4YuTFR4","SurveyName":"IndP3-Rankingwenfeng.liu@microsoft.com","SurveyDescription":null,"SurveyOwnerID":"UR_7aL7cvuzDYvSZJY","SurveyBrandID":"msstate","DivisionID":null,"SurveyLanguage":"EN","SurveyActiveResponseSet":"RS_b9m0sIhKD07ewES","SurveyStatus":"Inactive","SurveyStartDate":"0000-00-00 00:00:00","SurveyExpirationDate":"0000-00-00 00:00:00","SurveyCreationDate":"2022-05-14 20:48:14","CreatorID":"UR_7aL7cvuzDYvSZJY","LastModified":"2022-05-14 21:08:39","LastAccessed":"0000-00-00 00:00:00","LastActivated":"0000-00-00 00:00:00","Deleted":null},"SurveyElements":[{"SurveyID":"SV_dn8AD13g4YuTFR4","Element":"BL","PrimaryAttribute":"Survey Blocks","SecondaryAttribute":null,"TertiaryAttribute":null,"Payload":[{"Type":"Default","Description":"Default Question Block","ID":"BL_bkCeubNmAiyjkTI","BlockElements":[{"Type":"Page Break"},{"Type":"Question","QuestionID":"QID1"},{"Type":"Page Break"},{"Type":"Question","QuestionID":"QID9"},{"Type":"Question","QuestionID":"QID6"}]},{"Type":"Trash","Description":"Trash \/ Unused Questions","ID":"BL_d6GEKDdDXuze5nM","BlockElements":[{"Type":"Question","QuestionID":"QID5"}]}]},{"SurveyID":"SV_dn8AD13g4YuTFR4","Element":"FL","PrimaryAttribute":"Survey Flow","SecondaryAttribute":null,"TertiaryAttribute":null,"Payload":{"Type":"Root","FlowID":"FL_1","Flow":[{"Type":"Block","ID":"BL_bkCeubNmAiyjkTI","FlowID":"FL_2","Autofill":[]}],"Properties":{"Count":2,"RemovedFieldsets":[]}}},{"SurveyID":"SV_dn8AD13g4YuTFR4","Element":"SO","PrimaryAttribute":"Survey Options","SecondaryAttribute":null,"TertiaryAttribute":null,"Payload":{"BackButton":"false","SaveAndContinue":"true","SurveyProtection":"PublicSurvey","BallotBoxStuffingPrevention":"false","NoIndex":"Yes","SecureResponseFiles":"true","SurveyExpiration":"None","SurveyTermination":"DefaultMessage","Header":"","Footer":"","ProgressBarDisplay":"None","PartialData":"+1 week","ValidationMessage":null,"PreviousButton":"","NextButton":"","SurveyTitle":"Qualtrics Survey | Qualtrics Experience Management","SkinLibrary":"msstate","SkinType":"templated","Skin":{"brandingId":null,"templateId":"*2014","overrides":null},"NewScoring":1,"EOSMessage":null,"ShowExportTags":"false","CollectGeoLocation":"false","SurveyMetaDescription":"The most powerful, simple and trusted way to gather experience data. Start your journey to experience management and try a free account today.","PasswordProtection":"No","AnonymizeResponse":"No","RefererCheck":"No","BallotBoxStuffingPreventionBehavior":null,"BallotBoxStuffingPreventionMessage":null,"BallotBoxStuffingPreventionMessageLibrary":null,"BallotBoxStuffingPreventionURL":null,"RecaptchaV3":"false","ConfirmStart":false,"AutoConfirmStart":false,"UseCustomSurveyLinkCompletedMessage":null,"SurveyLinkCompletedMessage":null,"SurveyLinkCompletedMessageLibrary":null,"ResponseSummary":"No","EOSMessageLibrary":null,"EOSRedirectURL":null,"EmailThankYou":"false","ThankYouEmailMessageLibrary":null,"ThankYouEmailMessage":null,"ValidateMessage":"false","ValidationMessageLibrary":null,"InactiveSurvey":null,"PartialDeletion":null,"PartialDataCloseAfter":"LastActivity","InactiveMessageLibrary":null,"InactiveMessage":null,"AvailableLanguages":{"EN":[]},"ProtectSelectionIds":true}},{"SurveyID":"SV_dn8AD13g4YuTFR4","Element":"SCO","PrimaryAttribute":"Scoring","SecondaryAttribute":null,"TertiaryAttribute":null,"Payload":{"ScoringCategories":[],"ScoringCategoryGroups":[],"ScoringSummaryCategory":null,"ScoringSummaryAfterQuestions":0,"ScoringSummaryAfterSurvey":0,"DefaultScoringCategory":null,"AutoScoringCategory":null}},{"SurveyID":"SV_dn8AD13g4YuTFR4","Element":"PROJ","PrimaryAttribute":"CORE","SecondaryAttribute":null,"TertiaryAttribute":"1.1.0","Payload":{"ProjectCategory":"CORE","SchemaVersion":"1.1.0"}},{"SurveyID":"SV_dn8AD13g4YuTFR4","Element":"STAT","PrimaryAttribute":"Survey Statistics","SecondaryAttribute":null,"TertiaryAttribute":null,"Payload":{"MobileCompatible":false,"ID":"Survey Statistics"}},{"SurveyID":"SV_dn8AD13g4YuTFR4","Element":"QC","PrimaryAttribute":"Survey Question Count","SecondaryAttribute":"9","TertiaryAttribute":null,"Payload":null},{"SurveyID":"SV_dn8AD13g4YuTFR4","Element":"RS","PrimaryAttribute":"RS_b9m0sIhKD07ewES","SecondaryAttribute":"Default Response Set","TertiaryAttribute":null,"Payload":null},{"SurveyID":"SV_dn8AD13g4YuTFR4","Element":"SQ","PrimaryAttribute":"QID6","SecondaryAttribute":"Thank you for your participation!\u00a0 Feel free to leave any comments here.","TertiaryAttribute":null,"Payload":{"QuestionText":"Thank you for your participation!&nbsp; Feel free to leave any comments here.<br>","DefaultChoices":false,"DataExportTag":"Q3","QuestionID":"QID6","QuestionType":"TE","Selector":"ML","Configuration":{"QuestionDescriptionOption":"UseText"},"QuestionDescription":"Thank you for your participation!\u00a0 Feel free to leave any comments here.","Validation":{"Settings":{"ForceResponse":"OFF","Type":"None"}},"GradingData":[],"Language":[],"NextChoiceId":4,"NextAnswerId":1,"SearchSource":{"AllowFreeResponse":"false"},"DataVisibility":{"Private":false,"Hidden":false}}},{"SurveyID":"SV_dn8AD13g4YuTFR4","Element":"SQ","PrimaryAttribute":"QID5","SecondaryAttribute":"The Phase 3 survey is designed to help our group come to some degree of consensus. Each item now...","TertiaryAttribute":null,"Payload":{"QuestionText":"<div>The Phase 3 survey is designed to help our group come to some degree of consensus. Each item now has the average ranking from the entire group.<\/div>\n\n<ul>\n\t<li>1.0 = Not Important<\/li>\n\t<li>5.0 = Very Important<\/li>\n<\/ul>\n\n<div>Your answer from the Phase 2 is entered (TBD). Consider the group response and your response and your response and see whether you might move your ranking closer to the group. There is a text entry to allow a comment (for why you moved or why you did not move) if you would like to add a reason.<\/div>","DefaultChoices":false,"DataExportTag":"Q1","QuestionID":"QID5","QuestionType":"DB","Selector":"TB","Configuration":{"QuestionDescriptionOption":"UseText"},"QuestionDescription":"The Phase 3 survey is designed to help our group come to some degree of consensus. Each item now...","ChoiceOrder":[],"Validation":{"Settings":{"Type":"None"}},"GradingData":[],"Language":[],"NextChoiceId":4,"NextAnswerId":1,"DataVisibility":{"Private":false,"Hidden":false}}},{"SurveyID":"SV_dn8AD13g4YuTFR4","Element":"SQ","PrimaryAttribute":"QID1","SecondaryAttribute":"The Phase 3 survey is designed to help our group come to some degree of consensus. The list below...","TertiaryAttribute":null,"Payload":{"QuestionText":"<div>The Phase 3 survey is designed to help our group come to some degree of consensus. The list below is ranked from highest score to lowest score.&nbsp; The Likert scale for calculation is:\n<table align=\"center\" border=\"1\" cellpadding=\"1\" cellspacing=\"1\" height=\"130\" width=\"250\">\n\t<tbody>\n\t\t<tr>\n\t\t\t<td>Not Important<\/td>\n\t\t\t<td>1.00<\/td>\n\t\t<\/tr>\n\t\t<tr>\n\t\t\t<td>Slightly Important<\/td>\n\t\t\t<td>2.00<\/td>\n\t\t<\/tr>\n\t\t<tr>\n\t\t\t<td>Moderately Important<\/td>\n\t\t\t<td>3.00<\/td>\n\t\t<\/tr>\n\t\t<tr>\n\t\t\t<td>Important<\/td>\n\t\t\t<td>4.00<\/td>\n\t\t<\/tr>\n\t\t<tr>\n\t\t\t<td>Very Important<\/td>\n\t\t\t<td>5.00<\/td>\n\t\t<\/tr>\n\t<\/tbody>\n<\/table>\n<\/div>\n\n<div>A mean of 4.14 means that the average score of the group was just over the &quot;Important&quot; selection.<br \/>\n<br \/>\nThe default answer is what you entered on the Phase 2 survey.&nbsp; Consider where this falls comparing to the group mean.&nbsp; Take a few seconds to consider whether you could justify changing your ranking based on this information, or why you still feel your original ranking is correct.&nbsp; On the items with the largest differentials, please use the text box under the category to give a quick thought around<\/div>\n\n<ul>\n\t<li>Why you decided to change your answer<\/li>\n\t<li>Why you decided not to change your answer<\/li>\n<\/ul>\n<br \/>\nThis may take a little thought for some items, but you should still be able to move pretty quickly through the items.\n<div>&nbsp;<\/div>","DefaultChoices":{"41":{"4":{"Selected":true}},"91":{"5":{"Selected":true}},"92":{"5":{"Selected":true}},"93":{"5":{"Selected":true}},"94":{"4":{"Selected":true}},"95":{"5":{"Selected":true}},"96":{"4":{"Selected":true}},"97":{"4":{"Selected":true}},"98":{"4":{"Selected":true}},"99":{"4":{"Selected":true}},"100":{"4":{"Selected":true}},"101":{"4":{"Selected":true}},"102":{"5":{"Selected":true}},"103":{"4":{"Selected":true}},"104":{"4":{"Selected":true}},"105":{"4":{"Selected":true}},"106":{"4":{"Selected":true}},"107":{"3":{"Selected":true}},"108":{"4":{"Selected":true}},"109":{"3":{"Selected":true}},"110":{"4":{"Selected":true}},"111":{"4":{"Selected":true}},"112":{"5":{"Selected":true}},"113":{"4":{"Selected":true}},"114":{"4":{"Selected":true}},"115":{"3":{"Selected":true}},"116":{"3":{"Selected":true}},"117":{"4":{"Selected":true}},"118":{"4":{"Selected":true}},"119":{"4":{"Selected":true}},"120":{"3":{"Selected":true}},"121":{"3":{"Selected":true}},"122":{"3":{"Selected":true}},"123":{"3":{"Selected":true}},"124":{"3":{"Selected":true}},"125":{"4":{"Selected":true}},"126":{"3":{"Selected":true}}},"DataExportTag":"Q2","QuestionID":"QID1","QuestionType":"Matrix","Selector":"Likert","SubSelector":"SingleAnswer","Configuration":{"QuestionDescriptionOption":"UseText","TextPosition":"inline","ChoiceColumnWidth":25,"RepeatHeaders":"none","WhiteSpace":"OFF","MobileFirst":true},"QuestionDescription":"The Phase 3 survey is designed to help our group come to some degree of consensus. The list below...","Choices":{"41":{"Display":"#01 Communication - Mean 4.42","TextEntry":"true"},"91":{"Display":"#02 Accountable - Mean 4.39","TextEntry":"true"},"92":{"Display":"#02 Teamwork - Mean 4.39","TextEntry":"true"},"93":{"Display":"#02 Problem solving - Mean 4.39","TextEntry":"true"},"94":{"Display":"#05 Passionate - Mean 4.36","TextEntry":"true"},"95":{"Display":"#05 Fundamentals of programming - Mean 4.36","TextEntry":"true"},"96":{"Display":"#07 Ethical - Mean 4.21","TextEntry":"true"},"97":{"Display":"#08 Attention to detail - Mean 4.18","TextEntry":"true"},"98":{"Display":"#09 Knowledge and understanding - Mean 4.14","TextEntry":"true"},"99":{"Display":"#09 Testing and debugging - Mean 4.14","TextEntry":"true"},"100":{"Display":"#11 Big picture - Mean 4.11","TextEntry":"true"},"101":{"Display":"#11 Lifelong learning - Mean 4.14","TextEntry":"true"},"102":{"Display":"#13 Curious - Mean 4.04","TextEntry":"true"},"103":{"Display":"#14 Developing good program design - Mean 4.04","TextEntry":"true"},"104":{"Display":"#14 Creative and innovative - Mean 3.93","TextEntry":"true"},"105":{"Display":"#16 Helpful - Mean 3.86","TextEntry":"true"},"106":{"Display":"#17 Disciplined - Mean 3.71","TextEntry":"true"},"107":{"Display":"#18 Code reviews - Mean 3.68","TextEntry":"true"},"108":{"Display":"#19 Unit test - Mean 3.61","TextEntry":"true"},"109":{"Display":"#20 Generating clear documentation - Mean 3.57","TextEntry":"true"},"110":{"Display":"#21 Data structures - Mean 3.50","TextEntry":"true"},"111":{"Display":"#21 Writing programs - Mean 3.50","TextEntry":"true"},"112":{"Display":"#23 Empathetic - Mean 3.46","TextEntry":"true"},"113":{"Display":"#24 Abstraction - Mean 3.32","TextEntry":"true"},"114":{"Display":"#25 Humble - Mean 3.32","TextEntry":"true"},"115":{"Display":"#26 Tools - Mean 3.25","TextEntry":"true"},"116":{"Display":"#27 Multithreaded programming - Mean 3.14","TextEntry":"true"},"117":{"Display":"#28 Operating systems - Mean 3.11","TextEntry":"true"},"118":{"Display":"#29 How computers work - Mean 3.07","TextEntry":"true"},"119":{"Display":"#30 Computer hardware - Mean 3.04","TextEntry":"true"},"120":{"Display":"#30 Designing algorithms - Mean 3.04","TextEntry":"true"},"121":{"Display":"#32 Object oriented programming - Mean 3.00","TextEntry":"true"},"122":{"Display":"#33 Scripting language - Mean 2.93","TextEntry":"true"},"123":{"Display":"#34 Program management - Mean 2.62","TextEntry":"true"},"124":{"Display":"#35 Mutiple languages - Mean 2.39","TextEntry":"true"},"125":{"Display":"#36 Specific language - Mean 2.36","TextEntry":"true"},"126":{"Display":"#36 Single language - Mean 2.36","TextEntry":"true"}},"ChoiceOrder":["41","91","92","93","94","95","96","97","98","99","100","101","102","103","104","105","106","107","108","109","110","111","112","113","114","115","116","117","118","119","120","121","122","123","124","125","126"],"Validation":{"Settings":{"ForceResponse":"OFF","Type":"None"}},"GradingData":[],"Language":[],"NextChoiceId":129,"NextAnswerId":6,"Answers":{"1":{"Display":"Not Important (1)"},"2":{"Display":"Slightly Important (2)"},"3":{"Display":"Moderately Important (3)"},"4":{"Display":"Important (4)"},"5":{"Display":"Very Important (5)"}},"AnswerOrder":[1,2,3,4,5],"ChoiceDataExportTags":false,"DataVisibility":{"Private":false,"Hidden":false},"Randomization":{"Advanced":null,"TotalRandSubset":"","Type":"All"}}},{"SurveyID":"SV_dn8AD13g4YuTFR4","Element":"SQ","PrimaryAttribute":"QID9","SecondaryAttribute":"Would you like to be copied on my final results?","TertiaryAttribute":null,"Payload":{"QuestionText":"Would you like to be copied on my final results?<br>","DefaultChoices":{"2":{"Selected":true}},"DataExportTag":"Q4","QuestionID":"QID9","QuestionType":"MC","Selector":"SAHR","Configuration":{"QuestionDescriptionOption":"UseText","TextPosition":"inline","LabelPosition":"SIDE"},"QuestionDescription":"Would you like to be copied on my final results?","Choices":{"1":{"Display":"Yes","ExclusiveAnswer":true},"2":{"Display":"No thanks"}},"ChoiceOrder":["1","2"],"Validation":{"Settings":{"ForceResponse":"OFF","Type":"None"}},"GradingData":[],"Language":[],"NextChoiceId":4,"NextAnswerId":4,"SubSelector":"TX"}}]}